// !$*UTF8*$!
{
	archiveVersion = 1;
	classes = {
	};
	objectVersion = 46;
	objects = {

/* Begin PBXBuildFile section */
		2B019BE014A56CFD00BEFBCA /* UIKit.framework in Frameworks */ = {isa = PBXBuildFile; fileRef = 2B019BDF14A56CFD00BEFBCA /* UIKit.framework */; };
		2B019BE214A56CFD00BEFBCA /* Foundation.framework in Frameworks */ = {isa = PBXBuildFile; fileRef = 2B019BE114A56CFD00BEFBCA /* Foundation.framework */; };
		2B019BE414A56CFD00BEFBCA /* CoreGraphics.framework in Frameworks */ = {isa = PBXBuildFile; fileRef = 2B019BE314A56CFD00BEFBCA /* CoreGraphics.framework */; };
		2B019BEA14A56CFD00BEFBCA /* InfoPlist.strings in Resources */ = {isa = PBXBuildFile; fileRef = 2B019BE814A56CFD00BEFBCA /* InfoPlist.strings */; };
		2B019BEC14A56CFD00BEFBCA /* main.m in Sources */ = {isa = PBXBuildFile; fileRef = 2B019BEB14A56CFD00BEFBCA /* main.m */; };
		2B019BF014A56CFD00BEFBCA /* iShockUAppDelegate.m in Sources */ = {isa = PBXBuildFile; fileRef = 2B019BEF14A56CFD00BEFBCA /* iShockUAppDelegate.m */; };
		2B019BF314A56CFD00BEFBCA /* MainWindow.xib in Resources */ = {isa = PBXBuildFile; fileRef = 2B019BF114A56CFD00BEFBCA /* MainWindow.xib */; };
		2B019BF614A56CFD00BEFBCA /* iShockUViewController.m in Sources */ = {isa = PBXBuildFile; fileRef = 2B019BF514A56CFD00BEFBCA /* iShockUViewController.m */; };
		2B019BF914A56CFD00BEFBCA /* iShockUViewController.xib in Resources */ = {isa = PBXBuildFile; fileRef = 2B019BF714A56CFD00BEFBCA /* iShockUViewController.xib */; };
		2B019C0014A56E2900BEFBCA /* red-button.png in Resources */ = {isa = PBXBuildFile; fileRef = 2B019BFF14A56E2900BEFBCA /* red-button.png */; };
		2B019C0214A5771600BEFBCA /* lightning-bolt.png in Resources */ = {isa = PBXBuildFile; fileRef = 2B019C0114A5771600BEFBCA /* lightning-bolt.png */; };
/* End PBXBuildFile section */

/* Begin PBXFileReference section */
		2B019BDB14A56CFD00BEFBCA /* iShockU.app */ = {isa = PBXFileReference; explicitFileType = wrapper.application; includeInIndex = 0; path = iShockU.app; sourceTree = BUILT_PRODUCTS_DIR; };
		2B019BDF14A56CFD00BEFBCA /* UIKit.framework */ = {isa = PBXFileReference; lastKnownFileType = wrapper.framework; name = UIKit.framework; path = System/Library/Frameworks/UIKit.framework; sourceTree = SDKROOT; };
		2B019BE114A56CFD00BEFBCA /* Foundation.framework */ = {isa = PBXFileReference; lastKnownFileType = wrapper.framework; name = Foundation.framework; path = System/Library/Frameworks/Foundation.framework; sourceTree = SDKROOT; };
		2B019BE314A56CFD00BEFBCA /* CoreGraphics.framework */ = {isa = PBXFileReference; lastKnownFileType = wrapper.framework; name = CoreGraphics.framework; path = System/Library/Frameworks/CoreGraphics.framework; sourceTree = SDKROOT; };
		2B019BE714A56CFD00BEFBCA /* iShockU-Info.plist */ = {isa = PBXFileReference; lastKnownFileType = text.plist.xml; path = "iShockU-Info.plist"; sourceTree = "<group>"; };
		2B019BE914A56CFD00BEFBCA /* en */ = {isa = PBXFileReference; lastKnownFileType = text.plist.strings; name = en; path = en.lproj/InfoPlist.strings; sourceTree = "<group>"; };
		2B019BEB14A56CFD00BEFBCA /* main.m */ = {isa = PBXFileReference; lastKnownFileType = sourcecode.c.objc; path = main.m; sourceTree = "<group>"; };
		2B019BED14A56CFD00BEFBCA /* iShockU-Prefix.pch */ = {isa = PBXFileReference; lastKnownFileType = sourcecode.c.h; path = "iShockU-Prefix.pch"; sourceTree = "<group>"; };
		2B019BEE14A56CFD00BEFBCA /* iShockUAppDelegate.h */ = {isa = PBXFileReference; lastKnownFileType = sourcecode.c.h; path = iShockUAppDelegate.h; sourceTree = "<group>"; };
		2B019BEF14A56CFD00BEFBCA /* iShockUAppDelegate.m */ = {isa = PBXFileReference; lastKnownFileType = sourcecode.c.objc; path = iShockUAppDelegate.m; sourceTree = "<group>"; };
		2B019BF214A56CFD00BEFBCA /* en */ = {isa = PBXFileReference; lastKnownFileType = file.xib; name = en; path = en.lproj/MainWindow.xib; sourceTree = "<group>"; };
		2B019BF414A56CFD00BEFBCA /* iShockUViewController.h */ = {isa = PBXFileReference; lastKnownFileType = sourcecode.c.h; path = iShockUViewController.h; sourceTree = "<group>"; };
		2B019BF514A56CFD00BEFBCA /* iShockUViewController.m */ = {isa = PBXFileReference; lastKnownFileType = sourcecode.c.objc; path = iShockUViewController.m; sourceTree = "<group>"; };
		2B019BF814A56CFD00BEFBCA /* en */ = {isa = PBXFileReference; lastKnownFileType = file.xib; name = en; path = en.lproj/iShockUViewController.xib; sourceTree = "<group>"; };
		2B019BFF14A56E2900BEFBCA /* red-button.png */ = {isa = PBXFileReference; lastKnownFileType = image.png; path = "red-button.png"; sourceTree = "<group>"; };
		2B019C0114A5771600BEFBCA /* lightning-bolt.png */ = {isa = PBXFileReference; lastKnownFileType = image.png; path = "lightning-bolt.png"; sourceTree = "<group>"; };
/* End PBXFileReference section */

/* Begin PBXFrameworksBuildPhase section */
		2B019BD814A56CFD00BEFBCA /* Frameworks */ = {
			isa = PBXFrameworksBuildPhase;
			buildActionMask = 2147483647;
			files = (
				2B019BE014A56CFD00BEFBCA /* UIKit.framework in Frameworks */,
				2B019BE214A56CFD00BEFBCA /* Foundation.framework in Frameworks */,
				2B019BE414A56CFD00BEFBCA /* CoreGraphics.framework in Frameworks */,
			);
			runOnlyForDeploymentPostprocessing = 0;
		};
/* End PBXFrameworksBuildPhase section */

/* Begin PBXGroup section */
		2B019BD014A56CFD00BEFBCA = {
			isa = PBXGroup;
			children = (
				2B019BE514A56CFD00BEFBCA /* iShockU */,
				2B019BDE14A56CFD00BEFBCA /* Frameworks */,
				2B019BDC14A56CFD00BEFBCA /* Products */,
			);
			sourceTree = "<group>";
		};
		2B019BDC14A56CFD00BEFBCA /* Products */ = {
			isa = PBXGroup;
			children = (
				2B019BDB14A56CFD00BEFBCA /* iShockU.app */,
			);
			name = Products;
			sourceTree = "<group>";
		};
		2B019BDE14A56CFD00BEFBCA /* Frameworks */ = {
			isa = PBXGroup;
			children = (
				2B019BDF14A56CFD00BEFBCA /* UIKit.framework */,
				2B019BE114A56CFD00BEFBCA /* Foundation.framework */,
				2B019BE314A56CFD00BEFBCA /* CoreGraphics.framework */,
			);
			name = Frameworks;
			sourceTree = "<group>";
		};
		2B019BE514A56CFD00BEFBCA /* iShockU */ = {
			isa = PBXGroup;
			children = (
				2B019BEE14A56CFD00BEFBCA /* iShockUAppDelegate.h */,
				2B019BEF14A56CFD00BEFBCA /* iShockUAppDelegate.m */,
				2B019BF114A56CFD00BEFBCA /* MainWindow.xib */,
				2B019BF414A56CFD00BEFBCA /* iShockUViewController.h */,
				2B019BF514A56CFD00BEFBCA /* iShockUViewController.m */,
				2B019BF714A56CFD00BEFBCA /* iShockUViewController.xib */,
				2B019BE614A56CFD00BEFBCA /* Supporting Files */,
			);
			path = iShockU;
			sourceTree = "<group>";
		};
		2B019BE614A56CFD00BEFBCA /* Supporting Files */ = {
			isa = PBXGroup;
			children = (
				2B019C0114A5771600BEFBCA /* lightning-bolt.png */,
				2B019BFF14A56E2900BEFBCA /* red-button.png */,
				2B019BE714A56CFD00BEFBCA /* iShockU-Info.plist */,
				2B019BE814A56CFD00BEFBCA /* InfoPlist.strings */,
				2B019BEB14A56CFD00BEFBCA /* main.m */,
				2B019BED14A56CFD00BEFBCA /* iShockU-Prefix.pch */,
			);
			name = "Supporting Files";
			sourceTree = "<group>";
		};
/* End PBXGroup section */

/* Begin PBXNativeTarget section */
		2B019BDA14A56CFD00BEFBCA /* iShockU */ = {
			isa = PBXNativeTarget;
			buildConfigurationList = 2B019BFC14A56CFD00BEFBCA /* Build configuration list for PBXNativeTarget "iShockU" */;
			buildPhases = (
				2B019BD714A56CFD00BEFBCA /* Sources */,
				2B019BD814A56CFD00BEFBCA /* Frameworks */,
				2B019BD914A56CFD00BEFBCA /* Resources */,
			);
			buildRules = (
			);
			dependencies = (
			);
			name = iShockU;
			productName = iShockU;
			productReference = 2B019BDB14A56CFD00BEFBCA /* iShockU.app */;
			productType = "com.apple.product-type.application";
		};
/* End PBXNativeTarget section */

/* Begin PBXProject section */
		2B019BD214A56CFD00BEFBCA /* Project object */ = {
			isa = PBXProject;
			buildConfigurationList = 2B019BD514A56CFD00BEFBCA /* Build configuration list for PBXProject "iShockU" */;
			compatibilityVersion = "Xcode 3.2";
			developmentRegion = English;
			hasScannedForEncodings = 0;
			knownRegions = (
				en,
			);
			mainGroup = 2B019BD014A56CFD00BEFBCA;
			productRefGroup = 2B019BDC14A56CFD00BEFBCA /* Products */;
			projectDirPath = "";
			projectRoot = "";
			targets = (
				2B019BDA14A56CFD00BEFBCA /* iShockU */,
			);
		};
/* End PBXProject section */

/* Begin PBXResourcesBuildPhase section */
		2B019BD914A56CFD00BEFBCA /* Resources */ = {
			isa = PBXResourcesBuildPhase;
			buildActionMask = 2147483647;
			files = (
				2B019BEA14A56CFD00BEFBCA /* InfoPlist.strings in Resources */,
				2B019BF314A56CFD00BEFBCA /* MainWindow.xib in Resources */,
				2B019BF914A56CFD00BEFBCA /* iShockUViewController.xib in Resources */,
				2B019C0014A56E2900BEFBCA /* red-button.png in Resources */,
				2B019C0214A5771600BEFBCA /* lightning-bolt.png in Resources */,
			);
			runOnlyForDeploymentPostprocessing = 0;
		};
/* End PBXResourcesBuildPhase section */

/* Begin PBXSourcesBuildPhase section */
		2B019BD714A56CFD00BEFBCA /* Sources */ = {
			isa = PBXSourcesBuildPhase;
			buildActionMask = 2147483647;
			files = (
				2B019BEC14A56CFD00BEFBCA /* main.m in Sources */,
				2B019BF014A56CFD00BEFBCA /* iShockUAppDelegate.m in Sources */,
				2B019BF614A56CFD00BEFBCA /* iShockUViewController.m in Sources */,
			);
			runOnlyForDeploymentPostprocessing = 0;
		};
/* End PBXSourcesBuildPhase section */

/* Begin PBXVariantGroup section */
		2B019BE814A56CFD00BEFBCA /* InfoPlist.strings */ = {
			isa = PBXVariantGroup;
			children = (
				2B019BE914A56CFD00BEFBCA /* en */,
			);
			name = InfoPlist.strings;
			sourceTree = "<group>";
		};
		2B019BF114A56CFD00BEFBCA /* MainWindow.xib */ = {
			isa = PBXVariantGroup;
			children = (
				2B019BF214A56CFD00BEFBCA /* en */,
			);
			name = MainWindow.xib;
			sourceTree = "<group>";
		};
		2B019BF714A56CFD00BEFBCA /* iShockUViewController.xib */ = {
			isa = PBXVariantGroup;
			children = (
				2B019BF814A56CFD00BEFBCA /* en */,
			);
			name = iShockUViewController.xib;
			sourceTree = "<group>";
		};
/* End PBXVariantGroup section */

/* Begin XCBuildConfiguration section */
		2B019BFA14A56CFD00BEFBCA /* Debug */ = {
			isa = XCBuildConfiguration;
			buildSettings = {
				ALWAYS_SEARCH_USER_PATHS = NO;
				ARCHS = "$(ARCHS_STANDARD_32_BIT)";
				"CODE_SIGN_IDENTITY[sdk=iphoneos*]" = "iPhone Developer";
				COPY_PHASE_STRIP = NO;
				GCC_C_LANGUAGE_STANDARD = gnu99;
				GCC_DYNAMIC_NO_PIC = NO;
				GCC_OPTIMIZATION_LEVEL = 0;
				GCC_PREPROCESSOR_DEFINITIONS = (
					"DEBUG=1",
					"$(inherited)",
				);
				GCC_SYMBOLS_PRIVATE_EXTERN = NO;
				GCC_VERSION = com.apple.compilers.llvmgcc42;
				GCC_WARN_ABOUT_MISSING_PROTOTYPES = YES;
				GCC_WARN_ABOUT_RETURN_TYPE = YES;
				GCC_WARN_UNUSED_VARIABLE = YES;
				IPHONEOS_DEPLOYMENT_TARGET = 4.3;
				SDKROOT = iphoneos;
			};
			name = Debug;
		};
		2B019BFB14A56CFD00BEFBCA /* Release */ = {
			isa = XCBuildConfiguration;
			buildSettings = {
				ALWAYS_SEARCH_USER_PATHS = NO;
				ARCHS = "$(ARCHS_STANDARD_32_BIT)";
				"CODE_SIGN_IDENTITY[sdk=iphoneos*]" = "iPhone Developer";
				COPY_PHASE_STRIP = YES;
				GCC_C_LANGUAGE_STANDARD = gnu99;
				GCC_VERSION = com.apple.compilers.llvmgcc42;
				GCC_WARN_ABOUT_MISSING_PROTOTYPES = YES;
				GCC_WARN_ABOUT_RETURN_TYPE = YES;
				GCC_WARN_UNUSED_VARIABLE = YES;
				IPHONEOS_DEPLOYMENT_TARGET = 4.3;
				OTHER_CFLAGS = "-DNS_BLOCK_ASSERTIONS=1";
				SDKROOT = iphoneos;
				VALIDATE_PRODUCT = YES;
			};
			name = Release;
		};
		2B019BFD14A56CFD00BEFBCA /* Debug */ = {
			isa = XCBuildConfiguration;
			buildSettings = {
				GCC_PRECOMPILE_PREFIX_HEADER = YES;
				GCC_PREFIX_HEADER = "iShockU/iShockU-Prefix.pch";
				INFOPLIST_FILE = "iShockU/iShockU-Info.plist";
				PRODUCT_NAME = "$(TARGET_NAME)";
				WRAPPER_EXTENSION = app;
			};
			name = Debug;
		};
		2B019BFE14A56CFD00BEFBCA /* Release */ = {
			isa = XCBuildConfiguration;
			buildSettings = {
				GCC_PRECOMPILE_PREFIX_HEADER = YES;
				GCC_PREFIX_HEADER = "iShockU/iShockU-Prefix.pch";
				INFOPLIST_FILE = "iShockU/iShockU-Info.plist";
				PRODUCT_NAME = "$(TARGET_NAME)";
				WRAPPER_EXTENSION = app;
			};
			name = Release;
		};
/* End XCBuildConfiguration section */

/* Begin XCConfigurationList section */
		2B019BD514A56CFD00BEFBCA /* Build configuration list for PBXProject "iShockU" */ = {
			isa = XCConfigurationList;
			buildConfigurations = (
				2B019BFA14A56CFD00BEFBCA /* Debug */,
				2B019BFB14A56CFD00BEFBCA /* Release */,
			);
			defaultConfigurationIsVisible = 0;
			defaultConfigurationName = Release;
		};
		2B019BFC14A56CFD00BEFBCA /* Build configuration list for PBXNativeTarget "iShockU" */ = {
			isa = XCConfigurationList;
			buildConfigurations = (
				2B019BFD14A56CFD00BEFBCA /* Debug */,
				2B019BFE14A56CFD00BEFBCA /* Release */,
			);
			defaultConfigurationIsVisible = 0;
		};
/* End XCConfigurationList section */
	};
	rootObject = 2B019BD214A56CFD00BEFBCA /* Project object */;
}
