// !$*UTF8*$!
{
	archiveVersion = 1;
	classes = {
	};
	objectVersion = 46;
	objects = {

/* Begin PBXBuildFile section */
		2BBE5F8314A78F7D003C6D92 /* UIKit.framework in Frameworks */ = {isa = PBXBuildFile; fileRef = 2BBE5F8214A78F7D003C6D92 /* UIKit.framework */; };
		2BBE5F8514A78F7D003C6D92 /* Foundation.framework in Frameworks */ = {isa = PBXBuildFile; fileRef = 2BBE5F8414A78F7D003C6D92 /* Foundation.framework */; };
		2BBE5F8714A78F7D003C6D92 /* CoreGraphics.framework in Frameworks */ = {isa = PBXBuildFile; fileRef = 2BBE5F8614A78F7D003C6D92 /* CoreGraphics.framework */; };
		2BBE5F8D14A78F7D003C6D92 /* InfoPlist.strings in Resources */ = {isa = PBXBuildFile; fileRef = 2BBE5F8B14A78F7D003C6D92 /* InfoPlist.strings */; };
		2BBE5F8F14A78F7D003C6D92 /* main.m in Sources */ = {isa = PBXBuildFile; fileRef = 2BBE5F8E14A78F7D003C6D92 /* main.m */; };
		2BBE5F9314A78F7D003C6D92 /* TweetAppDelegate.m in Sources */ = {isa = PBXBuildFile; fileRef = 2BBE5F9214A78F7D003C6D92 /* TweetAppDelegate.m */; };
		2BBE5F9614A78F7D003C6D92 /* MainWindow.xib in Resources */ = {isa = PBXBuildFile; fileRef = 2BBE5F9414A78F7D003C6D92 /* MainWindow.xib */; };
		2BBE5F9914A78F7D003C6D92 /* TweetViewController.m in Sources */ = {isa = PBXBuildFile; fileRef = 2BBE5F9814A78F7D003C6D92 /* TweetViewController.m */; };
		2BBE5F9C14A78F7D003C6D92 /* TweetViewController.xib in Resources */ = {isa = PBXBuildFile; fileRef = 2BBE5F9A14A78F7D003C6D92 /* TweetViewController.xib */; };
		2BBE5FA514A79256003C6D92 /* SettingsViewController.m in Sources */ = {isa = PBXBuildFile; fileRef = 2BBE5FA314A79256003C6D92 /* SettingsViewController.m */; };
		2BBE5FA614A79256003C6D92 /* SettingsViewController.xib in Resources */ = {isa = PBXBuildFile; fileRef = 2BBE5FA414A79256003C6D92 /* SettingsViewController.xib */; };
		2BBE5FA914A79AB8003C6D92 /* TwitterUser.m in Sources */ = {isa = PBXBuildFile; fileRef = 2BBE5FA814A79AB8003C6D92 /* TwitterUser.m */; };
		2BBE5FB514A79F35003C6D92 /* NSObject+SBJSON.m in Sources */ = {isa = PBXBuildFile; fileRef = 2BBE5FAE14A79F35003C6D92 /* NSObject+SBJSON.m */; };
		2BBE5FB614A79F35003C6D92 /* NSString+SBJSON.m in Sources */ = {isa = PBXBuildFile; fileRef = 2BBE5FB014A79F35003C6D92 /* NSString+SBJSON.m */; };
		2BBE5FB714A79F35003C6D92 /* SBJSON.m in Sources */ = {isa = PBXBuildFile; fileRef = 2BBE5FB214A79F35003C6D92 /* SBJSON.m */; };
		2BBE5FB814A79F35003C6D92 /* TwitterHelper.m in Sources */ = {isa = PBXBuildFile; fileRef = 2BBE5FB414A79F35003C6D92 /* TwitterHelper.m */; };
/* End PBXBuildFile section */

/* Begin PBXFileReference section */
		2BBE5F7E14A78F7D003C6D92 /* Tweet.app */ = {isa = PBXFileReference; explicitFileType = wrapper.application; includeInIndex = 0; path = Tweet.app; sourceTree = BUILT_PRODUCTS_DIR; };
		2BBE5F8214A78F7D003C6D92 /* UIKit.framework */ = {isa = PBXFileReference; lastKnownFileType = wrapper.framework; name = UIKit.framework; path = System/Library/Frameworks/UIKit.framework; sourceTree = SDKROOT; };
		2BBE5F8414A78F7D003C6D92 /* Foundation.framework */ = {isa = PBXFileReference; lastKnownFileType = wrapper.framework; name = Foundation.framework; path = System/Library/Frameworks/Foundation.framework; sourceTree = SDKROOT; };
		2BBE5F8614A78F7D003C6D92 /* CoreGraphics.framework */ = {isa = PBXFileReference; lastKnownFileType = wrapper.framework; name = CoreGraphics.framework; path = System/Library/Frameworks/CoreGraphics.framework; sourceTree = SDKROOT; };
		2BBE5F8A14A78F7D003C6D92 /* Tweet-Info.plist */ = {isa = PBXFileReference; lastKnownFileType = text.plist.xml; path = "Tweet-Info.plist"; sourceTree = "<group>"; };
		2BBE5F8C14A78F7D003C6D92 /* en */ = {isa = PBXFileReference; lastKnownFileType = text.plist.strings; name = en; path = en.lproj/InfoPlist.strings; sourceTree = "<group>"; };
		2BBE5F8E14A78F7D003C6D92 /* main.m */ = {isa = PBXFileReference; lastKnownFileType = sourcecode.c.objc; path = main.m; sourceTree = "<group>"; };
		2BBE5F9014A78F7D003C6D92 /* Tweet-Prefix.pch */ = {isa = PBXFileReference; lastKnownFileType = sourcecode.c.h; path = "Tweet-Prefix.pch"; sourceTree = "<group>"; };
		2BBE5F9114A78F7D003C6D92 /* TweetAppDelegate.h */ = {isa = PBXFileReference; lastKnownFileType = sourcecode.c.h; path = TweetAppDelegate.h; sourceTree = "<group>"; };
		2BBE5F9214A78F7D003C6D92 /* TweetAppDelegate.m */ = {isa = PBXFileReference; lastKnownFileType = sourcecode.c.objc; path = TweetAppDelegate.m; sourceTree = "<group>"; };
		2BBE5F9514A78F7D003C6D92 /* en */ = {isa = PBXFileReference; lastKnownFileType = file.xib; name = en; path = en.lproj/MainWindow.xib; sourceTree = "<group>"; };
		2BBE5F9714A78F7D003C6D92 /* TweetViewController.h */ = {isa = PBXFileReference; lastKnownFileType = sourcecode.c.h; path = TweetViewController.h; sourceTree = "<group>"; };
		2BBE5F9814A78F7D003C6D92 /* TweetViewController.m */ = {isa = PBXFileReference; lastKnownFileType = sourcecode.c.objc; path = TweetViewController.m; sourceTree = "<group>"; };
		2BBE5F9B14A78F7D003C6D92 /* en */ = {isa = PBXFileReference; lastKnownFileType = file.xib; name = en; path = en.lproj/TweetViewController.xib; sourceTree = "<group>"; };
		2BBE5FA214A79256003C6D92 /* SettingsViewController.h */ = {isa = PBXFileReference; fileEncoding = 4; lastKnownFileType = sourcecode.c.h; path = SettingsViewController.h; sourceTree = "<group>"; };
		2BBE5FA314A79256003C6D92 /* SettingsViewController.m */ = {isa = PBXFileReference; fileEncoding = 4; lastKnownFileType = sourcecode.c.objc; path = SettingsViewController.m; sourceTree = "<group>"; };
		2BBE5FA414A79256003C6D92 /* SettingsViewController.xib */ = {isa = PBXFileReference; fileEncoding = 4; lastKnownFileType = file.xib; path = SettingsViewController.xib; sourceTree = "<group>"; };
		2BBE5FA714A79AB8003C6D92 /* TwitterUser.h */ = {isa = PBXFileReference; fileEncoding = 4; lastKnownFileType = sourcecode.c.h; path = TwitterUser.h; sourceTree = "<group>"; };
		2BBE5FA814A79AB8003C6D92 /* TwitterUser.m */ = {isa = PBXFileReference; fileEncoding = 4; lastKnownFileType = sourcecode.c.objc; path = TwitterUser.m; sourceTree = "<group>"; };
		2BBE5FAC14A79F35003C6D92 /* JSON.h */ = {isa = PBXFileReference; fileEncoding = 4; lastKnownFileType = sourcecode.c.h; path = JSON.h; sourceTree = "<group>"; };
		2BBE5FAD14A79F35003C6D92 /* NSObject+SBJSON.h */ = {isa = PBXFileReference; fileEncoding = 4; lastKnownFileType = sourcecode.c.h; path = "NSObject+SBJSON.h"; sourceTree = "<group>"; };
		2BBE5FAE14A79F35003C6D92 /* NSObject+SBJSON.m */ = {isa = PBXFileReference; fileEncoding = 4; lastKnownFileType = sourcecode.c.objc; path = "NSObject+SBJSON.m"; sourceTree = "<group>"; };
		2BBE5FAF14A79F35003C6D92 /* NSString+SBJSON.h */ = {isa = PBXFileReference; fileEncoding = 4; lastKnownFileType = sourcecode.c.h; path = "NSString+SBJSON.h"; sourceTree = "<group>"; };
		2BBE5FB014A79F35003C6D92 /* NSString+SBJSON.m */ = {isa = PBXFileReference; fileEncoding = 4; lastKnownFileType = sourcecode.c.objc; path = "NSString+SBJSON.m"; sourceTree = "<group>"; };
		2BBE5FB114A79F35003C6D92 /* SBJSON.h */ = {isa = PBXFileReference; fileEncoding = 4; lastKnownFileType = sourcecode.c.h; path = SBJSON.h; sourceTree = "<group>"; };
		2BBE5FB214A79F35003C6D92 /* SBJSON.m */ = {isa = PBXFileReference; fileEncoding = 4; lastKnownFileType = sourcecode.c.objc; path = SBJSON.m; sourceTree = "<group>"; };
		2BBE5FB314A79F35003C6D92 /* TwitterHelper.h */ = {isa = PBXFileReference; fileEncoding = 4; lastKnownFileType = sourcecode.c.h; path = TwitterHelper.h; sourceTree = "<group>"; };
		2BBE5FB414A79F35003C6D92 /* TwitterHelper.m */ = {isa = PBXFileReference; fileEncoding = 4; lastKnownFileType = sourcecode.c.objc; path = TwitterHelper.m; sourceTree = "<group>"; };
/* End PBXFileReference section */

/* Begin PBXFrameworksBuildPhase section */
		2BBE5F7B14A78F7D003C6D92 /* Frameworks */ = {
			isa = PBXFrameworksBuildPhase;
			buildActionMask = 2147483647;
			files = (
				2BBE5F8314A78F7D003C6D92 /* UIKit.framework in Frameworks */,
				2BBE5F8514A78F7D003C6D92 /* Foundation.framework in Frameworks */,
				2BBE5F8714A78F7D003C6D92 /* CoreGraphics.framework in Frameworks */,
			);
			runOnlyForDeploymentPostprocessing = 0;
		};
/* End PBXFrameworksBuildPhase section */

/* Begin PBXGroup section */
		2BBE5F7314A78F7D003C6D92 = {
			isa = PBXGroup;
			children = (
				2BBE5F8814A78F7D003C6D92 /* Tweet */,
				2BBE5F8114A78F7D003C6D92 /* Frameworks */,
				2BBE5F7F14A78F7D003C6D92 /* Products */,
			);
			sourceTree = "<group>";
		};
		2BBE5F7F14A78F7D003C6D92 /* Products */ = {
			isa = PBXGroup;
			children = (
				2BBE5F7E14A78F7D003C6D92 /* Tweet.app */,
			);
			name = Products;
			sourceTree = "<group>";
		};
		2BBE5F8114A78F7D003C6D92 /* Frameworks */ = {
			isa = PBXGroup;
			children = (
				2BBE5F8214A78F7D003C6D92 /* UIKit.framework */,
				2BBE5F8414A78F7D003C6D92 /* Foundation.framework */,
				2BBE5F8614A78F7D003C6D92 /* CoreGraphics.framework */,
			);
			name = Frameworks;
			sourceTree = "<group>";
		};
		2BBE5F8814A78F7D003C6D92 /* Tweet */ = {
			isa = PBXGroup;
			children = (
				2BBE5FAA14A79F35003C6D92 /* TwitterHelper */,
				2BBE5FA214A79256003C6D92 /* SettingsViewController.h */,
				2BBE5FA314A79256003C6D92 /* SettingsViewController.m */,
				2BBE5FA714A79AB8003C6D92 /* TwitterUser.h */,
				2BBE5FA814A79AB8003C6D92 /* TwitterUser.m */,
				2BBE5F9114A78F7D003C6D92 /* TweetAppDelegate.h */,
				2BBE5F9214A78F7D003C6D92 /* TweetAppDelegate.m */,
				2BBE5F9414A78F7D003C6D92 /* MainWindow.xib */,
				2BBE5F9714A78F7D003C6D92 /* TweetViewController.h */,
				2BBE5F9814A78F7D003C6D92 /* TweetViewController.m */,
				2BBE5F9A14A78F7D003C6D92 /* TweetViewController.xib */,
				2BBE5F8914A78F7D003C6D92 /* Supporting Files */,
			);
			path = Tweet;
			sourceTree = "<group>";
		};
		2BBE5F8914A78F7D003C6D92 /* Supporting Files */ = {
			isa = PBXGroup;
			children = (
				2BBE5FA414A79256003C6D92 /* SettingsViewController.xib */,
				2BBE5F8A14A78F7D003C6D92 /* Tweet-Info.plist */,
				2BBE5F8B14A78F7D003C6D92 /* InfoPlist.strings */,
				2BBE5F8E14A78F7D003C6D92 /* main.m */,
				2BBE5F9014A78F7D003C6D92 /* Tweet-Prefix.pch */,
			);
			name = "Supporting Files";
			sourceTree = "<group>";
		};
		2BBE5FAA14A79F35003C6D92 /* TwitterHelper */ = {
			isa = PBXGroup;
			children = (
				2BBE5FAB14A79F35003C6D92 /* JSON */,
				2BBE5FB314A79F35003C6D92 /* TwitterHelper.h */,
				2BBE5FB414A79F35003C6D92 /* TwitterHelper.m */,
			);
			path = TwitterHelper;
			sourceTree = "<group>";
		};
		2BBE5FAB14A79F35003C6D92 /* JSON */ = {
			isa = PBXGroup;
			children = (
				2BBE5FAC14A79F35003C6D92 /* JSON.h */,
				2BBE5FAD14A79F35003C6D92 /* NSObject+SBJSON.h */,
				2BBE5FAE14A79F35003C6D92 /* NSObject+SBJSON.m */,
				2BBE5FAF14A79F35003C6D92 /* NSString+SBJSON.h */,
				2BBE5FB014A79F35003C6D92 /* NSString+SBJSON.m */,
				2BBE5FB114A79F35003C6D92 /* SBJSON.h */,
				2BBE5FB214A79F35003C6D92 /* SBJSON.m */,
			);
			path = JSON;
			sourceTree = "<group>";
		};
/* End PBXGroup section */

/* Begin PBXNativeTarget section */
		2BBE5F7D14A78F7D003C6D92 /* Tweet */ = {
			isa = PBXNativeTarget;
			buildConfigurationList = 2BBE5F9F14A78F7D003C6D92 /* Build configuration list for PBXNativeTarget "Tweet" */;
			buildPhases = (
				2BBE5F7A14A78F7D003C6D92 /* Sources */,
				2BBE5F7B14A78F7D003C6D92 /* Frameworks */,
				2BBE5F7C14A78F7D003C6D92 /* Resources */,
			);
			buildRules = (
			);
			dependencies = (
			);
			name = Tweet;
			productName = Tweet;
			productReference = 2BBE5F7E14A78F7D003C6D92 /* Tweet.app */;
			productType = "com.apple.product-type.application";
		};
/* End PBXNativeTarget section */

/* Begin PBXProject section */
		2BBE5F7514A78F7D003C6D92 /* Project object */ = {
			isa = PBXProject;
			buildConfigurationList = 2BBE5F7814A78F7D003C6D92 /* Build configuration list for PBXProject "Tweet" */;
			compatibilityVersion = "Xcode 3.2";
			developmentRegion = English;
			hasScannedForEncodings = 0;
			knownRegions = (
				en,
			);
			mainGroup = 2BBE5F7314A78F7D003C6D92;
			productRefGroup = 2BBE5F7F14A78F7D003C6D92 /* Products */;
			projectDirPath = "";
			projectRoot = "";
			targets = (
				2BBE5F7D14A78F7D003C6D92 /* Tweet */,
			);
		};
/* End PBXProject section */

/* Begin PBXResourcesBuildPhase section */
		2BBE5F7C14A78F7D003C6D92 /* Resources */ = {
			isa = PBXResourcesBuildPhase;
			buildActionMask = 2147483647;
			files = (
				2BBE5F8D14A78F7D003C6D92 /* InfoPlist.strings in Resources */,
				2BBE5F9614A78F7D003C6D92 /* MainWindow.xib in Resources */,
				2BBE5F9C14A78F7D003C6D92 /* TweetViewController.xib in Resources */,
				2BBE5FA614A79256003C6D92 /* SettingsViewController.xib in Resources */,
			);
			runOnlyForDeploymentPostprocessing = 0;
		};
/* End PBXResourcesBuildPhase section */

/* Begin PBXSourcesBuildPhase section */
		2BBE5F7A14A78F7D003C6D92 /* Sources */ = {
			isa = PBXSourcesBuildPhase;
			buildActionMask = 2147483647;
			files = (
				2BBE5F8F14A78F7D003C6D92 /* main.m in Sources */,
				2BBE5F9314A78F7D003C6D92 /* TweetAppDelegate.m in Sources */,
				2BBE5F9914A78F7D003C6D92 /* TweetViewController.m in Sources */,
				2BBE5FA514A79256003C6D92 /* SettingsViewController.m in Sources */,
				2BBE5FA914A79AB8003C6D92 /* TwitterUser.m in Sources */,
				2BBE5FB514A79F35003C6D92 /* NSObject+SBJSON.m in Sources */,
				2BBE5FB614A79F35003C6D92 /* NSString+SBJSON.m in Sources */,
				2BBE5FB714A79F35003C6D92 /* SBJSON.m in Sources */,
				2BBE5FB814A79F35003C6D92 /* TwitterHelper.m in Sources */,
			);
			runOnlyForDeploymentPostprocessing = 0;
		};
/* End PBXSourcesBuildPhase section */

/* Begin PBXVariantGroup section */
		2BBE5F8B14A78F7D003C6D92 /* InfoPlist.strings */ = {
			isa = PBXVariantGroup;
			children = (
				2BBE5F8C14A78F7D003C6D92 /* en */,
			);
			name = InfoPlist.strings;
			sourceTree = "<group>";
		};
		2BBE5F9414A78F7D003C6D92 /* MainWindow.xib */ = {
			isa = PBXVariantGroup;
			children = (
				2BBE5F9514A78F7D003C6D92 /* en */,
			);
			name = MainWindow.xib;
			sourceTree = "<group>";
		};
		2BBE5F9A14A78F7D003C6D92 /* TweetViewController.xib */ = {
			isa = PBXVariantGroup;
			children = (
				2BBE5F9B14A78F7D003C6D92 /* en */,
			);
			name = TweetViewController.xib;
			sourceTree = "<group>";
		};
/* End PBXVariantGroup section */

/* Begin XCBuildConfiguration section */
		2BBE5F9D14A78F7D003C6D92 /* Debug */ = {
			isa = XCBuildConfiguration;
			buildSettings = {
				ALWAYS_SEARCH_USER_PATHS = NO;
				ARCHS = "$(ARCHS_STANDARD_32_BIT)";
				"CODE_SIGN_IDENTITY[sdk=iphoneos*]" = "iPhone Developer";
				COPY_PHASE_STRIP = NO;
				GCC_C_LANGUAGE_STANDARD = gnu99;
				GCC_DYNAMIC_NO_PIC = NO;
				GCC_OPTIMIZATION_LEVEL = 0;
				GCC_PREPROCESSOR_DEFINITIONS = (
					"DEBUG=1",
					"$(inherited)",
				);
				GCC_SYMBOLS_PRIVATE_EXTERN = NO;
				GCC_VERSION = com.apple.compilers.llvmgcc42;
				GCC_WARN_ABOUT_MISSING_PROTOTYPES = YES;
				GCC_WARN_ABOUT_RETURN_TYPE = YES;
				GCC_WARN_UNUSED_VARIABLE = YES;
				IPHONEOS_DEPLOYMENT_TARGET = 4.3;
				SDKROOT = iphoneos;
			};
			name = Debug;
		};
		2BBE5F9E14A78F7D003C6D92 /* Release */ = {
			isa = XCBuildConfiguration;
			buildSettings = {
				ALWAYS_SEARCH_USER_PATHS = NO;
				ARCHS = "$(ARCHS_STANDARD_32_BIT)";
				"CODE_SIGN_IDENTITY[sdk=iphoneos*]" = "iPhone Developer";
				COPY_PHASE_STRIP = YES;
				GCC_C_LANGUAGE_STANDARD = gnu99;
				GCC_VERSION = com.apple.compilers.llvmgcc42;
				GCC_WARN_ABOUT_MISSING_PROTOTYPES = YES;
				GCC_WARN_ABOUT_RETURN_TYPE = YES;
				GCC_WARN_UNUSED_VARIABLE = YES;
				IPHONEOS_DEPLOYMENT_TARGET = 4.3;
				OTHER_CFLAGS = "-DNS_BLOCK_ASSERTIONS=1";
				SDKROOT = iphoneos;
				VALIDATE_PRODUCT = YES;
			};
			name = Release;
		};
		2BBE5FA014A78F7D003C6D92 /* Debug */ = {
			isa = XCBuildConfiguration;
			buildSettings = {
				GCC_PRECOMPILE_PREFIX_HEADER = YES;
				GCC_PREFIX_HEADER = "Tweet/Tweet-Prefix.pch";
				INFOPLIST_FILE = "Tweet/Tweet-Info.plist";
				PRODUCT_NAME = "$(TARGET_NAME)";
				WRAPPER_EXTENSION = app;
			};
			name = Debug;
		};
		2BBE5FA114A78F7D003C6D92 /* Release */ = {
			isa = XCBuildConfiguration;
			buildSettings = {
				GCC_PRECOMPILE_PREFIX_HEADER = YES;
				GCC_PREFIX_HEADER = "Tweet/Tweet-Prefix.pch";
				INFOPLIST_FILE = "Tweet/Tweet-Info.plist";
				PRODUCT_NAME = "$(TARGET_NAME)";
				WRAPPER_EXTENSION = app;
			};
			name = Release;
		};
/* End XCBuildConfiguration section */

/* Begin XCConfigurationList section */
		2BBE5F7814A78F7D003C6D92 /* Build configuration list for PBXProject "Tweet" */ = {
			isa = XCConfigurationList;
			buildConfigurations = (
				2BBE5F9D14A78F7D003C6D92 /* Debug */,
				2BBE5F9E14A78F7D003C6D92 /* Release */,
			);
			defaultConfigurationIsVisible = 0;
			defaultConfigurationName = Release;
		};
		2BBE5F9F14A78F7D003C6D92 /* Build configuration list for PBXNativeTarget "Tweet" */ = {
			isa = XCConfigurationList;
			buildConfigurations = (
				2BBE5FA014A78F7D003C6D92 /* Debug */,
				2BBE5FA114A78F7D003C6D92 /* Release */,
			);
			defaultConfigurationIsVisible = 0;
		};
/* End XCConfigurationList section */
	};
	rootObject = 2BBE5F7514A78F7D003C6D92 /* Project object */;
}
