// !$*UTF8*$!
{
	archiveVersion = 1;
	classes = {
	};
	objectVersion = 46;
	objects = {

/* Begin PBXBuildFile section */
		2BA6405314A61FD700493DE4 /* UIKit.framework in Frameworks */ = {isa = PBXBuildFile; fileRef = 2BA6405214A61FD700493DE4 /* UIKit.framework */; };
		2BA6405514A61FD700493DE4 /* Foundation.framework in Frameworks */ = {isa = PBXBuildFile; fileRef = 2BA6405414A61FD700493DE4 /* Foundation.framework */; };
		2BA6405714A61FD700493DE4 /* CoreGraphics.framework in Frameworks */ = {isa = PBXBuildFile; fileRef = 2BA6405614A61FD700493DE4 /* CoreGraphics.framework */; };
		2BA6405D14A61FD800493DE4 /* InfoPlist.strings in Resources */ = {isa = PBXBuildFile; fileRef = 2BA6405B14A61FD800493DE4 /* InfoPlist.strings */; };
		2BA6405F14A61FD800493DE4 /* main.m in Sources */ = {isa = PBXBuildFile; fileRef = 2BA6405E14A61FD800493DE4 /* main.m */; };
		2BA6406314A61FD800493DE4 /* FontsAppDelegate.m in Sources */ = {isa = PBXBuildFile; fileRef = 2BA6406214A61FD800493DE4 /* FontsAppDelegate.m */; };
		2BA6406614A61FD800493DE4 /* MainWindow.xib in Resources */ = {isa = PBXBuildFile; fileRef = 2BA6406414A61FD800493DE4 /* MainWindow.xib */; };
		2BA6406914A61FD800493DE4 /* FontsViewController.m in Sources */ = {isa = PBXBuildFile; fileRef = 2BA6406814A61FD800493DE4 /* FontsViewController.m */; };
		2BA6406C14A61FD800493DE4 /* FontsViewController.xib in Resources */ = {isa = PBXBuildFile; fileRef = 2BA6406A14A61FD800493DE4 /* FontsViewController.xib */; };
		2BA6407314A6217800493DE4 /* frame.png in Resources */ = {isa = PBXBuildFile; fileRef = 2BA6407214A6217800493DE4 /* frame.png */; };
/* End PBXBuildFile section */

/* Begin PBXFileReference section */
		2BA6404E14A61FD700493DE4 /* Fonts.app */ = {isa = PBXFileReference; explicitFileType = wrapper.application; includeInIndex = 0; path = Fonts.app; sourceTree = BUILT_PRODUCTS_DIR; };
		2BA6405214A61FD700493DE4 /* UIKit.framework */ = {isa = PBXFileReference; lastKnownFileType = wrapper.framework; name = UIKit.framework; path = System/Library/Frameworks/UIKit.framework; sourceTree = SDKROOT; };
		2BA6405414A61FD700493DE4 /* Foundation.framework */ = {isa = PBXFileReference; lastKnownFileType = wrapper.framework; name = Foundation.framework; path = System/Library/Frameworks/Foundation.framework; sourceTree = SDKROOT; };
		2BA6405614A61FD700493DE4 /* CoreGraphics.framework */ = {isa = PBXFileReference; lastKnownFileType = wrapper.framework; name = CoreGraphics.framework; path = System/Library/Frameworks/CoreGraphics.framework; sourceTree = SDKROOT; };
		2BA6405A14A61FD800493DE4 /* Fonts-Info.plist */ = {isa = PBXFileReference; lastKnownFileType = text.plist.xml; path = "Fonts-Info.plist"; sourceTree = "<group>"; };
		2BA6405C14A61FD800493DE4 /* en */ = {isa = PBXFileReference; lastKnownFileType = text.plist.strings; name = en; path = en.lproj/InfoPlist.strings; sourceTree = "<group>"; };
		2BA6405E14A61FD800493DE4 /* main.m */ = {isa = PBXFileReference; lastKnownFileType = sourcecode.c.objc; path = main.m; sourceTree = "<group>"; };
		2BA6406014A61FD800493DE4 /* Fonts-Prefix.pch */ = {isa = PBXFileReference; lastKnownFileType = sourcecode.c.h; path = "Fonts-Prefix.pch"; sourceTree = "<group>"; };
		2BA6406114A61FD800493DE4 /* FontsAppDelegate.h */ = {isa = PBXFileReference; lastKnownFileType = sourcecode.c.h; path = FontsAppDelegate.h; sourceTree = "<group>"; };
		2BA6406214A61FD800493DE4 /* FontsAppDelegate.m */ = {isa = PBXFileReference; lastKnownFileType = sourcecode.c.objc; path = FontsAppDelegate.m; sourceTree = "<group>"; };
		2BA6406514A61FD800493DE4 /* en */ = {isa = PBXFileReference; lastKnownFileType = file.xib; name = en; path = en.lproj/MainWindow.xib; sourceTree = "<group>"; };
		2BA6406714A61FD800493DE4 /* FontsViewController.h */ = {isa = PBXFileReference; lastKnownFileType = sourcecode.c.h; path = FontsViewController.h; sourceTree = "<group>"; };
		2BA6406814A61FD800493DE4 /* FontsViewController.m */ = {isa = PBXFileReference; lastKnownFileType = sourcecode.c.objc; path = FontsViewController.m; sourceTree = "<group>"; };
		2BA6406B14A61FD800493DE4 /* en */ = {isa = PBXFileReference; lastKnownFileType = file.xib; name = en; path = en.lproj/FontsViewController.xib; sourceTree = "<group>"; };
		2BA6407214A6217800493DE4 /* frame.png */ = {isa = PBXFileReference; lastKnownFileType = image.png; path = frame.png; sourceTree = "<group>"; };
/* End PBXFileReference section */

/* Begin PBXFrameworksBuildPhase section */
		2BA6404B14A61FD700493DE4 /* Frameworks */ = {
			isa = PBXFrameworksBuildPhase;
			buildActionMask = 2147483647;
			files = (
				2BA6405314A61FD700493DE4 /* UIKit.framework in Frameworks */,
				2BA6405514A61FD700493DE4 /* Foundation.framework in Frameworks */,
				2BA6405714A61FD700493DE4 /* CoreGraphics.framework in Frameworks */,
			);
			runOnlyForDeploymentPostprocessing = 0;
		};
/* End PBXFrameworksBuildPhase section */

/* Begin PBXGroup section */
		2BA6404314A61FD700493DE4 = {
			isa = PBXGroup;
			children = (
				2BA6405814A61FD800493DE4 /* Fonts */,
				2BA6405114A61FD700493DE4 /* Frameworks */,
				2BA6404F14A61FD700493DE4 /* Products */,
			);
			sourceTree = "<group>";
		};
		2BA6404F14A61FD700493DE4 /* Products */ = {
			isa = PBXGroup;
			children = (
				2BA6404E14A61FD700493DE4 /* Fonts.app */,
			);
			name = Products;
			sourceTree = "<group>";
		};
		2BA6405114A61FD700493DE4 /* Frameworks */ = {
			isa = PBXGroup;
			children = (
				2BA6405214A61FD700493DE4 /* UIKit.framework */,
				2BA6405414A61FD700493DE4 /* Foundation.framework */,
				2BA6405614A61FD700493DE4 /* CoreGraphics.framework */,
			);
			name = Frameworks;
			sourceTree = "<group>";
		};
		2BA6405814A61FD800493DE4 /* Fonts */ = {
			isa = PBXGroup;
			children = (
				2BA6406114A61FD800493DE4 /* FontsAppDelegate.h */,
				2BA6406214A61FD800493DE4 /* FontsAppDelegate.m */,
				2BA6406414A61FD800493DE4 /* MainWindow.xib */,
				2BA6406714A61FD800493DE4 /* FontsViewController.h */,
				2BA6406814A61FD800493DE4 /* FontsViewController.m */,
				2BA6406A14A61FD800493DE4 /* FontsViewController.xib */,
				2BA6405914A61FD800493DE4 /* Supporting Files */,
			);
			path = Fonts;
			sourceTree = "<group>";
		};
		2BA6405914A61FD800493DE4 /* Supporting Files */ = {
			isa = PBXGroup;
			children = (
				2BA6407214A6217800493DE4 /* frame.png */,
				2BA6405A14A61FD800493DE4 /* Fonts-Info.plist */,
				2BA6405B14A61FD800493DE4 /* InfoPlist.strings */,
				2BA6405E14A61FD800493DE4 /* main.m */,
				2BA6406014A61FD800493DE4 /* Fonts-Prefix.pch */,
			);
			name = "Supporting Files";
			sourceTree = "<group>";
		};
/* End PBXGroup section */

/* Begin PBXNativeTarget section */
		2BA6404D14A61FD700493DE4 /* Fonts */ = {
			isa = PBXNativeTarget;
			buildConfigurationList = 2BA6406F14A61FD800493DE4 /* Build configuration list for PBXNativeTarget "Fonts" */;
			buildPhases = (
				2BA6404A14A61FD700493DE4 /* Sources */,
				2BA6404B14A61FD700493DE4 /* Frameworks */,
				2BA6404C14A61FD700493DE4 /* Resources */,
			);
			buildRules = (
			);
			dependencies = (
			);
			name = Fonts;
			productName = Fonts;
			productReference = 2BA6404E14A61FD700493DE4 /* Fonts.app */;
			productType = "com.apple.product-type.application";
		};
/* End PBXNativeTarget section */

/* Begin PBXProject section */
		2BA6404514A61FD700493DE4 /* Project object */ = {
			isa = PBXProject;
			buildConfigurationList = 2BA6404814A61FD700493DE4 /* Build configuration list for PBXProject "Fonts" */;
			compatibilityVersion = "Xcode 3.2";
			developmentRegion = English;
			hasScannedForEncodings = 0;
			knownRegions = (
				en,
			);
			mainGroup = 2BA6404314A61FD700493DE4;
			productRefGroup = 2BA6404F14A61FD700493DE4 /* Products */;
			projectDirPath = "";
			projectRoot = "";
			targets = (
				2BA6404D14A61FD700493DE4 /* Fonts */,
			);
		};
/* End PBXProject section */

/* Begin PBXResourcesBuildPhase section */
		2BA6404C14A61FD700493DE4 /* Resources */ = {
			isa = PBXResourcesBuildPhase;
			buildActionMask = 2147483647;
			files = (
				2BA6405D14A61FD800493DE4 /* InfoPlist.strings in Resources */,
				2BA6406614A61FD800493DE4 /* MainWindow.xib in Resources */,
				2BA6406C14A61FD800493DE4 /* FontsViewController.xib in Resources */,
				2BA6407314A6217800493DE4 /* frame.png in Resources */,
			);
			runOnlyForDeploymentPostprocessing = 0;
		};
/* End PBXResourcesBuildPhase section */

/* Begin PBXSourcesBuildPhase section */
		2BA6404A14A61FD700493DE4 /* Sources */ = {
			isa = PBXSourcesBuildPhase;
			buildActionMask = 2147483647;
			files = (
				2BA6405F14A61FD800493DE4 /* main.m in Sources */,
				2BA6406314A61FD800493DE4 /* FontsAppDelegate.m in Sources */,
				2BA6406914A61FD800493DE4 /* FontsViewController.m in Sources */,
			);
			runOnlyForDeploymentPostprocessing = 0;
		};
/* End PBXSourcesBuildPhase section */

/* Begin PBXVariantGroup section */
		2BA6405B14A61FD800493DE4 /* InfoPlist.strings */ = {
			isa = PBXVariantGroup;
			children = (
				2BA6405C14A61FD800493DE4 /* en */,
			);
			name = InfoPlist.strings;
			sourceTree = "<group>";
		};
		2BA6406414A61FD800493DE4 /* MainWindow.xib */ = {
			isa = PBXVariantGroup;
			children = (
				2BA6406514A61FD800493DE4 /* en */,
			);
			name = MainWindow.xib;
			sourceTree = "<group>";
		};
		2BA6406A14A61FD800493DE4 /* FontsViewController.xib */ = {
			isa = PBXVariantGroup;
			children = (
				2BA6406B14A61FD800493DE4 /* en */,
			);
			name = FontsViewController.xib;
			sourceTree = "<group>";
		};
/* End PBXVariantGroup section */

/* Begin XCBuildConfiguration section */
		2BA6406D14A61FD800493DE4 /* Debug */ = {
			isa = XCBuildConfiguration;
			buildSettings = {
				ALWAYS_SEARCH_USER_PATHS = NO;
				ARCHS = "$(ARCHS_STANDARD_32_BIT)";
				"CODE_SIGN_IDENTITY[sdk=iphoneos*]" = "iPhone Developer";
				COPY_PHASE_STRIP = NO;
				GCC_C_LANGUAGE_STANDARD = gnu99;
				GCC_DYNAMIC_NO_PIC = NO;
				GCC_OPTIMIZATION_LEVEL = 0;
				GCC_PREPROCESSOR_DEFINITIONS = (
					"DEBUG=1",
					"$(inherited)",
				);
				GCC_SYMBOLS_PRIVATE_EXTERN = NO;
				GCC_VERSION = com.apple.compilers.llvmgcc42;
				GCC_WARN_ABOUT_MISSING_PROTOTYPES = YES;
				GCC_WARN_ABOUT_RETURN_TYPE = YES;
				GCC_WARN_UNUSED_VARIABLE = YES;
				IPHONEOS_DEPLOYMENT_TARGET = 4.3;
				SDKROOT = iphoneos;
			};
			name = Debug;
		};
		2BA6406E14A61FD800493DE4 /* Release */ = {
			isa = XCBuildConfiguration;
			buildSettings = {
				ALWAYS_SEARCH_USER_PATHS = NO;
				ARCHS = "$(ARCHS_STANDARD_32_BIT)";
				"CODE_SIGN_IDENTITY[sdk=iphoneos*]" = "iPhone Developer";
				COPY_PHASE_STRIP = YES;
				GCC_C_LANGUAGE_STANDARD = gnu99;
				GCC_VERSION = com.apple.compilers.llvmgcc42;
				GCC_WARN_ABOUT_MISSING_PROTOTYPES = YES;
				GCC_WARN_ABOUT_RETURN_TYPE = YES;
				GCC_WARN_UNUSED_VARIABLE = YES;
				IPHONEOS_DEPLOYMENT_TARGET = 4.3;
				OTHER_CFLAGS = "-DNS_BLOCK_ASSERTIONS=1";
				SDKROOT = iphoneos;
				VALIDATE_PRODUCT = YES;
			};
			name = Release;
		};
		2BA6407014A61FD800493DE4 /* Debug */ = {
			isa = XCBuildConfiguration;
			buildSettings = {
				GCC_PRECOMPILE_PREFIX_HEADER = YES;
				GCC_PREFIX_HEADER = "Fonts/Fonts-Prefix.pch";
				INFOPLIST_FILE = "Fonts/Fonts-Info.plist";
				PRODUCT_NAME = "$(TARGET_NAME)";
				WRAPPER_EXTENSION = app;
			};
			name = Debug;
		};
		2BA6407114A61FD800493DE4 /* Release */ = {
			isa = XCBuildConfiguration;
			buildSettings = {
				GCC_PRECOMPILE_PREFIX_HEADER = YES;
				GCC_PREFIX_HEADER = "Fonts/Fonts-Prefix.pch";
				INFOPLIST_FILE = "Fonts/Fonts-Info.plist";
				PRODUCT_NAME = "$(TARGET_NAME)";
				WRAPPER_EXTENSION = app;
			};
			name = Release;
		};
/* End XCBuildConfiguration section */

/* Begin XCConfigurationList section */
		2BA6404814A61FD700493DE4 /* Build configuration list for PBXProject "Fonts" */ = {
			isa = XCConfigurationList;
			buildConfigurations = (
				2BA6406D14A61FD800493DE4 /* Debug */,
				2BA6406E14A61FD800493DE4 /* Release */,
			);
			defaultConfigurationIsVisible = 0;
			defaultConfigurationName = Release;
		};
		2BA6406F14A61FD800493DE4 /* Build configuration list for PBXNativeTarget "Fonts" */ = {
			isa = XCConfigurationList;
			buildConfigurations = (
				2BA6407014A61FD800493DE4 /* Debug */,
				2BA6407114A61FD800493DE4 /* Release */,
			);
			defaultConfigurationIsVisible = 0;
		};
/* End XCConfigurationList section */
	};
	rootObject = 2BA6404514A61FD700493DE4 /* Project object */;
}
