// !$*UTF8*$!
{
	archiveVersion = 1;
	classes = {
	};
	objectVersion = 46;
	objects = {

/* Begin PBXBuildFile section */
		2BA6408414A62A3B00493DE4 /* UIKit.framework in Frameworks */ = {isa = PBXBuildFile; fileRef = 2BA6408314A62A3B00493DE4 /* UIKit.framework */; };
		2BA6408614A62A3B00493DE4 /* Foundation.framework in Frameworks */ = {isa = PBXBuildFile; fileRef = 2BA6408514A62A3B00493DE4 /* Foundation.framework */; };
		2BA6408814A62A3B00493DE4 /* CoreGraphics.framework in Frameworks */ = {isa = PBXBuildFile; fileRef = 2BA6408714A62A3B00493DE4 /* CoreGraphics.framework */; };
		2BA6408E14A62A3B00493DE4 /* InfoPlist.strings in Resources */ = {isa = PBXBuildFile; fileRef = 2BA6408C14A62A3B00493DE4 /* InfoPlist.strings */; };
		2BA6409014A62A3B00493DE4 /* main.m in Sources */ = {isa = PBXBuildFile; fileRef = 2BA6408F14A62A3B00493DE4 /* main.m */; };
		2BA6409414A62A3B00493DE4 /* TiptacularAppDelegate.m in Sources */ = {isa = PBXBuildFile; fileRef = 2BA6409314A62A3B00493DE4 /* TiptacularAppDelegate.m */; };
		2BA6409714A62A3B00493DE4 /* MainWindow.xib in Resources */ = {isa = PBXBuildFile; fileRef = 2BA6409514A62A3B00493DE4 /* MainWindow.xib */; };
		2BA6409A14A62A3B00493DE4 /* TiptacularViewController.m in Sources */ = {isa = PBXBuildFile; fileRef = 2BA6409914A62A3B00493DE4 /* TiptacularViewController.m */; };
		2BA6409D14A62A3B00493DE4 /* TiptacularViewController.xib in Resources */ = {isa = PBXBuildFile; fileRef = 2BA6409B14A62A3B00493DE4 /* TiptacularViewController.xib */; };
/* End PBXBuildFile section */

/* Begin PBXFileReference section */
		2BA6407F14A62A3B00493DE4 /* Tiptacular.app */ = {isa = PBXFileReference; explicitFileType = wrapper.application; includeInIndex = 0; path = Tiptacular.app; sourceTree = BUILT_PRODUCTS_DIR; };
		2BA6408314A62A3B00493DE4 /* UIKit.framework */ = {isa = PBXFileReference; lastKnownFileType = wrapper.framework; name = UIKit.framework; path = System/Library/Frameworks/UIKit.framework; sourceTree = SDKROOT; };
		2BA6408514A62A3B00493DE4 /* Foundation.framework */ = {isa = PBXFileReference; lastKnownFileType = wrapper.framework; name = Foundation.framework; path = System/Library/Frameworks/Foundation.framework; sourceTree = SDKROOT; };
		2BA6408714A62A3B00493DE4 /* CoreGraphics.framework */ = {isa = PBXFileReference; lastKnownFileType = wrapper.framework; name = CoreGraphics.framework; path = System/Library/Frameworks/CoreGraphics.framework; sourceTree = SDKROOT; };
		2BA6408B14A62A3B00493DE4 /* Tiptacular-Info.plist */ = {isa = PBXFileReference; lastKnownFileType = text.plist.xml; path = "Tiptacular-Info.plist"; sourceTree = "<group>"; };
		2BA6408D14A62A3B00493DE4 /* en */ = {isa = PBXFileReference; lastKnownFileType = text.plist.strings; name = en; path = en.lproj/InfoPlist.strings; sourceTree = "<group>"; };
		2BA6408F14A62A3B00493DE4 /* main.m */ = {isa = PBXFileReference; lastKnownFileType = sourcecode.c.objc; path = main.m; sourceTree = "<group>"; };
		2BA6409114A62A3B00493DE4 /* Tiptacular-Prefix.pch */ = {isa = PBXFileReference; lastKnownFileType = sourcecode.c.h; path = "Tiptacular-Prefix.pch"; sourceTree = "<group>"; };
		2BA6409214A62A3B00493DE4 /* TiptacularAppDelegate.h */ = {isa = PBXFileReference; lastKnownFileType = sourcecode.c.h; path = TiptacularAppDelegate.h; sourceTree = "<group>"; };
		2BA6409314A62A3B00493DE4 /* TiptacularAppDelegate.m */ = {isa = PBXFileReference; lastKnownFileType = sourcecode.c.objc; path = TiptacularAppDelegate.m; sourceTree = "<group>"; };
		2BA6409614A62A3B00493DE4 /* en */ = {isa = PBXFileReference; lastKnownFileType = file.xib; name = en; path = en.lproj/MainWindow.xib; sourceTree = "<group>"; };
		2BA6409814A62A3B00493DE4 /* TiptacularViewController.h */ = {isa = PBXFileReference; lastKnownFileType = sourcecode.c.h; path = TiptacularViewController.h; sourceTree = "<group>"; };
		2BA6409914A62A3B00493DE4 /* TiptacularViewController.m */ = {isa = PBXFileReference; lastKnownFileType = sourcecode.c.objc; path = TiptacularViewController.m; sourceTree = "<group>"; };
		2BA6409C14A62A3B00493DE4 /* en */ = {isa = PBXFileReference; lastKnownFileType = file.xib; name = en; path = en.lproj/TiptacularViewController.xib; sourceTree = "<group>"; };
/* End PBXFileReference section */

/* Begin PBXFrameworksBuildPhase section */
		2BA6407C14A62A3B00493DE4 /* Frameworks */ = {
			isa = PBXFrameworksBuildPhase;
			buildActionMask = 2147483647;
			files = (
				2BA6408414A62A3B00493DE4 /* UIKit.framework in Frameworks */,
				2BA6408614A62A3B00493DE4 /* Foundation.framework in Frameworks */,
				2BA6408814A62A3B00493DE4 /* CoreGraphics.framework in Frameworks */,
			);
			runOnlyForDeploymentPostprocessing = 0;
		};
/* End PBXFrameworksBuildPhase section */

/* Begin PBXGroup section */
		2BA6407414A62A3B00493DE4 = {
			isa = PBXGroup;
			children = (
				2BA6408914A62A3B00493DE4 /* Tiptacular */,
				2BA6408214A62A3B00493DE4 /* Frameworks */,
				2BA6408014A62A3B00493DE4 /* Products */,
			);
			sourceTree = "<group>";
		};
		2BA6408014A62A3B00493DE4 /* Products */ = {
			isa = PBXGroup;
			children = (
				2BA6407F14A62A3B00493DE4 /* Tiptacular.app */,
			);
			name = Products;
			sourceTree = "<group>";
		};
		2BA6408214A62A3B00493DE4 /* Frameworks */ = {
			isa = PBXGroup;
			children = (
				2BA6408314A62A3B00493DE4 /* UIKit.framework */,
				2BA6408514A62A3B00493DE4 /* Foundation.framework */,
				2BA6408714A62A3B00493DE4 /* CoreGraphics.framework */,
			);
			name = Frameworks;
			sourceTree = "<group>";
		};
		2BA6408914A62A3B00493DE4 /* Tiptacular */ = {
			isa = PBXGroup;
			children = (
				2BA6409214A62A3B00493DE4 /* TiptacularAppDelegate.h */,
				2BA6409314A62A3B00493DE4 /* TiptacularAppDelegate.m */,
				2BA6409514A62A3B00493DE4 /* MainWindow.xib */,
				2BA6409814A62A3B00493DE4 /* TiptacularViewController.h */,
				2BA6409914A62A3B00493DE4 /* TiptacularViewController.m */,
				2BA6409B14A62A3B00493DE4 /* TiptacularViewController.xib */,
				2BA6408A14A62A3B00493DE4 /* Supporting Files */,
			);
			path = Tiptacular;
			sourceTree = "<group>";
		};
		2BA6408A14A62A3B00493DE4 /* Supporting Files */ = {
			isa = PBXGroup;
			children = (
				2BA6408B14A62A3B00493DE4 /* Tiptacular-Info.plist */,
				2BA6408C14A62A3B00493DE4 /* InfoPlist.strings */,
				2BA6408F14A62A3B00493DE4 /* main.m */,
				2BA6409114A62A3B00493DE4 /* Tiptacular-Prefix.pch */,
			);
			name = "Supporting Files";
			sourceTree = "<group>";
		};
/* End PBXGroup section */

/* Begin PBXNativeTarget section */
		2BA6407E14A62A3B00493DE4 /* Tiptacular */ = {
			isa = PBXNativeTarget;
			buildConfigurationList = 2BA640A014A62A3B00493DE4 /* Build configuration list for PBXNativeTarget "Tiptacular" */;
			buildPhases = (
				2BA6407B14A62A3B00493DE4 /* Sources */,
				2BA6407C14A62A3B00493DE4 /* Frameworks */,
				2BA6407D14A62A3B00493DE4 /* Resources */,
			);
			buildRules = (
			);
			dependencies = (
			);
			name = Tiptacular;
			productName = Tiptacular;
			productReference = 2BA6407F14A62A3B00493DE4 /* Tiptacular.app */;
			productType = "com.apple.product-type.application";
		};
/* End PBXNativeTarget section */

/* Begin PBXProject section */
		2BA6407614A62A3B00493DE4 /* Project object */ = {
			isa = PBXProject;
			buildConfigurationList = 2BA6407914A62A3B00493DE4 /* Build configuration list for PBXProject "Tiptacular" */;
			compatibilityVersion = "Xcode 3.2";
			developmentRegion = English;
			hasScannedForEncodings = 0;
			knownRegions = (
				en,
			);
			mainGroup = 2BA6407414A62A3B00493DE4;
			productRefGroup = 2BA6408014A62A3B00493DE4 /* Products */;
			projectDirPath = "";
			projectRoot = "";
			targets = (
				2BA6407E14A62A3B00493DE4 /* Tiptacular */,
			);
		};
/* End PBXProject section */

/* Begin PBXResourcesBuildPhase section */
		2BA6407D14A62A3B00493DE4 /* Resources */ = {
			isa = PBXResourcesBuildPhase;
			buildActionMask = 2147483647;
			files = (
				2BA6408E14A62A3B00493DE4 /* InfoPlist.strings in Resources */,
				2BA6409714A62A3B00493DE4 /* MainWindow.xib in Resources */,
				2BA6409D14A62A3B00493DE4 /* TiptacularViewController.xib in Resources */,
			);
			runOnlyForDeploymentPostprocessing = 0;
		};
/* End PBXResourcesBuildPhase section */

/* Begin PBXSourcesBuildPhase section */
		2BA6407B14A62A3B00493DE4 /* Sources */ = {
			isa = PBXSourcesBuildPhase;
			buildActionMask = 2147483647;
			files = (
				2BA6409014A62A3B00493DE4 /* main.m in Sources */,
				2BA6409414A62A3B00493DE4 /* TiptacularAppDelegate.m in Sources */,
				2BA6409A14A62A3B00493DE4 /* TiptacularViewController.m in Sources */,
			);
			runOnlyForDeploymentPostprocessing = 0;
		};
/* End PBXSourcesBuildPhase section */

/* Begin PBXVariantGroup section */
		2BA6408C14A62A3B00493DE4 /* InfoPlist.strings */ = {
			isa = PBXVariantGroup;
			children = (
				2BA6408D14A62A3B00493DE4 /* en */,
			);
			name = InfoPlist.strings;
			sourceTree = "<group>";
		};
		2BA6409514A62A3B00493DE4 /* MainWindow.xib */ = {
			isa = PBXVariantGroup;
			children = (
				2BA6409614A62A3B00493DE4 /* en */,
			);
			name = MainWindow.xib;
			sourceTree = "<group>";
		};
		2BA6409B14A62A3B00493DE4 /* TiptacularViewController.xib */ = {
			isa = PBXVariantGroup;
			children = (
				2BA6409C14A62A3B00493DE4 /* en */,
			);
			name = TiptacularViewController.xib;
			sourceTree = "<group>";
		};
/* End PBXVariantGroup section */

/* Begin XCBuildConfiguration section */
		2BA6409E14A62A3B00493DE4 /* Debug */ = {
			isa = XCBuildConfiguration;
			buildSettings = {
				ALWAYS_SEARCH_USER_PATHS = NO;
				ARCHS = "$(ARCHS_STANDARD_32_BIT)";
				"CODE_SIGN_IDENTITY[sdk=iphoneos*]" = "iPhone Developer";
				COPY_PHASE_STRIP = NO;
				GCC_C_LANGUAGE_STANDARD = gnu99;
				GCC_DYNAMIC_NO_PIC = NO;
				GCC_OPTIMIZATION_LEVEL = 0;
				GCC_PREPROCESSOR_DEFINITIONS = (
					"DEBUG=1",
					"$(inherited)",
				);
				GCC_SYMBOLS_PRIVATE_EXTERN = NO;
				GCC_VERSION = com.apple.compilers.llvmgcc42;
				GCC_WARN_ABOUT_MISSING_PROTOTYPES = YES;
				GCC_WARN_ABOUT_RETURN_TYPE = YES;
				GCC_WARN_UNUSED_VARIABLE = YES;
				IPHONEOS_DEPLOYMENT_TARGET = 4.3;
				SDKROOT = iphoneos;
			};
			name = Debug;
		};
		2BA6409F14A62A3B00493DE4 /* Release */ = {
			isa = XCBuildConfiguration;
			buildSettings = {
				ALWAYS_SEARCH_USER_PATHS = NO;
				ARCHS = "$(ARCHS_STANDARD_32_BIT)";
				"CODE_SIGN_IDENTITY[sdk=iphoneos*]" = "iPhone Developer";
				COPY_PHASE_STRIP = YES;
				GCC_C_LANGUAGE_STANDARD = gnu99;
				GCC_VERSION = com.apple.compilers.llvmgcc42;
				GCC_WARN_ABOUT_MISSING_PROTOTYPES = YES;
				GCC_WARN_ABOUT_RETURN_TYPE = YES;
				GCC_WARN_UNUSED_VARIABLE = YES;
				IPHONEOS_DEPLOYMENT_TARGET = 4.3;
				OTHER_CFLAGS = "-DNS_BLOCK_ASSERTIONS=1";
				SDKROOT = iphoneos;
				VALIDATE_PRODUCT = YES;
			};
			name = Release;
		};
		2BA640A114A62A3B00493DE4 /* Debug */ = {
			isa = XCBuildConfiguration;
			buildSettings = {
				GCC_PRECOMPILE_PREFIX_HEADER = YES;
				GCC_PREFIX_HEADER = "Tiptacular/Tiptacular-Prefix.pch";
				INFOPLIST_FILE = "Tiptacular/Tiptacular-Info.plist";
				PRODUCT_NAME = "$(TARGET_NAME)";
				WRAPPER_EXTENSION = app;
			};
			name = Debug;
		};
		2BA640A214A62A3B00493DE4 /* Release */ = {
			isa = XCBuildConfiguration;
			buildSettings = {
				GCC_PRECOMPILE_PREFIX_HEADER = YES;
				GCC_PREFIX_HEADER = "Tiptacular/Tiptacular-Prefix.pch";
				INFOPLIST_FILE = "Tiptacular/Tiptacular-Info.plist";
				PRODUCT_NAME = "$(TARGET_NAME)";
				WRAPPER_EXTENSION = app;
			};
			name = Release;
		};
/* End XCBuildConfiguration section */

/* Begin XCConfigurationList section */
		2BA6407914A62A3B00493DE4 /* Build configuration list for PBXProject "Tiptacular" */ = {
			isa = XCConfigurationList;
			buildConfigurations = (
				2BA6409E14A62A3B00493DE4 /* Debug */,
				2BA6409F14A62A3B00493DE4 /* Release */,
			);
			defaultConfigurationIsVisible = 0;
			defaultConfigurationName = Release;
		};
		2BA640A014A62A3B00493DE4 /* Build configuration list for PBXNativeTarget "Tiptacular" */ = {
			isa = XCConfigurationList;
			buildConfigurations = (
				2BA640A114A62A3B00493DE4 /* Debug */,
				2BA640A214A62A3B00493DE4 /* Release */,
			);
			defaultConfigurationIsVisible = 0;
		};
/* End XCConfigurationList section */
	};
	rootObject = 2BA6407614A62A3B00493DE4 /* Project object */;
}
